{
  "name": "catenax-keycloak-theme",
  "version": "0.0.1",
  "lockfileVersion": 1,
  "requires": true,
  "dependencies": {
    "@patternfly/react-core": {
      "version": "4.162.3",
      "resolved": "https://registry.npmjs.org/@patternfly/react-core/-/react-core-4.162.3.tgz",
      "integrity": "sha512-bui04jdn0XNN6R39a0rMSUBJW0C4fsttRVb0VcEXfC4AJHRqmO+0aRQ9VSYWpcmEQCr3GTuGTInPYR2rYf6KLg==",
      "dev": true,
      "requires": {
        "@patternfly/react-icons": "^4.13.1",
        "@patternfly/react-styles": "^4.12.5",
        "@patternfly/react-tokens": "^4.14.1",
        "focus-trap": "6.2.2",
        "react-dropzone": "9.0.0",
        "tippy.js": "5.1.2",
        "tslib": "^2.0.0"
      }
    },
    "@patternfly/react-icons": {
      "version": "4.13.1",
      "resolved": "https://registry.npmjs.org/@patternfly/react-icons/-/react-icons-4.13.1.tgz",
      "integrity": "sha512-1cAvcVQcjYqW7bBmz7v7hDvYc43xAftV543AAHEC07VNaLWDTDnS1R1m8B/N/U8j6Xkj3AvtgrKNDCUdpQIT1g==",
      "dev": true
    },
    "@patternfly/react-styles": {
      "version": "4.12.5",
      "resolved": "https://registry.npmjs.org/@patternfly/react-styles/-/react-styles-4.12.5.tgz",
      "integrity": "sha512-+vgnjVvrY2MUe+TbKLv2UxGaxlWoLaS62acjhT2w73EMquMUALkdy7nLxC4owVZzSrKPD8qRhdyZW0V1nB1wNA==",
      "dev": true
    },
    "@patternfly/react-tokens": {
      "version": "4.14.1",
      "resolved": "https://registry.npmjs.org/@patternfly/react-tokens/-/react-tokens-4.14.1.tgz",
      "integrity": "sha512-ck/XJx0raw+xpN0R5a5hXHDV1Os5Z6EMcCphInfKB8dc+R7Ed31onYoVno1ZBXH2Zvtq+mNDf0xTgTk/lPIagg==",
      "dev": true
    },
    "@types/c3": {
      "version": "0.6.4",
      "resolved": "https://registry.npmjs.org/@types/c3/-/c3-0.6.4.tgz",
      "integrity": "sha512-W7i7oSmHsXYhseZJsIYexelv9HitGsWdQhx3mcy4NWso+GedpCYr02ghpkNvnZ4oTIjNeISdrOnM70s7HiuV+g==",
      "dev": true,
      "optional": true,
      "requires": {
        "@types/d3": "^4"
      }
    },
    "@types/d3": {
      "version": "4.13.12",
      "resolved": "https://registry.npmjs.org/@types/d3/-/d3-4.13.12.tgz",
      "integrity": "sha512-/bbFtkOBc04gGGN8N9rMG5ps3T0eIj5I8bnYe9iIyeM5qoOrydPCbFYlEPUnj2h9ibc2i+QZfDam9jY5XTrTxQ==",
      "dev": true,
      "optional": true,
      "requires": {
        "@types/d3-array": "^1",
        "@types/d3-axis": "^1",
        "@types/d3-brush": "^1",
        "@types/d3-chord": "^1",
        "@types/d3-collection": "*",
        "@types/d3-color": "^1",
        "@types/d3-dispatch": "^1",
        "@types/d3-drag": "^1",
        "@types/d3-dsv": "^1",
        "@types/d3-ease": "^1",
        "@types/d3-force": "^1",
        "@types/d3-format": "^1",
        "@types/d3-geo": "^1",
        "@types/d3-hierarchy": "^1",
        "@types/d3-interpolate": "^1",
        "@types/d3-path": "^1",
        "@types/d3-polygon": "^1",
        "@types/d3-quadtree": "^1",
        "@types/d3-queue": "*",
        "@types/d3-random": "^1",
        "@types/d3-request": "*",
        "@types/d3-scale": "^1",
        "@types/d3-selection": "^1",
        "@types/d3-shape": "^1",
        "@types/d3-time": "^1",
        "@types/d3-time-format": "^2",
        "@types/d3-timer": "^1",
        "@types/d3-transition": "^1",
        "@types/d3-voronoi": "*",
        "@types/d3-zoom": "^1"
      }
    },
    "@types/d3-array": {
      "version": "1.2.9",
      "resolved": "https://registry.npmjs.org/@types/d3-array/-/d3-array-1.2.9.tgz",
      "integrity": "sha512-E/7RgPr2ylT5dWG0CswMi9NpFcjIEDqLcUSBgNHe/EMahfqYaTx4zhcggG3khqoEB/leY4Vl6nTSbwLUPjXceA==",
      "dev": true,
      "optional": true
    },
    "@types/d3-axis": {
      "version": "1.0.16",
      "resolved": "https://registry.npmjs.org/@types/d3-axis/-/d3-axis-1.0.16.tgz",
      "integrity": "sha512-p7085weOmo4W+DzlRRVC/7OI/jugaKbVa6WMQGCQscaMylcbuaVEGk7abJLNyGVFLeCBNrHTdDiqRGnzvL0nXQ==",
      "dev": true,
      "optional": true,
      "requires": {
        "@types/d3-selection": "^1"
      }
    },
    "@types/d3-brush": {
      "version": "1.1.5",
      "resolved": "https://registry.npmjs.org/@types/d3-brush/-/d3-brush-1.1.5.tgz",
      "integrity": "sha512-4zGkBafJf5zCsBtLtvDj/pNMo5X9+Ii/1hUz0GvQ+wEwelUBm2AbIDAzJnp2hLDFF307o0fhxmmocHclhXC+tw==",
      "dev": true,
      "optional": true,
      "requires": {
        "@types/d3-selection": "^1"
      }
    },
    "@types/d3-chord": {
      "version": "1.0.11",
      "resolved": "https://registry.npmjs.org/@types/d3-chord/-/d3-chord-1.0.11.tgz",
      "integrity": "sha512-0DdfJ//bxyW3G9Nefwq/LDgazSKNN8NU0lBT3Cza6uVuInC2awMNsAcv1oKyRFLn9z7kXClH5XjwpveZjuz2eg==",
      "dev": true,
      "optional": true
    },
    "@types/d3-collection": {
      "version": "1.0.10",
      "resolved": "https://registry.npmjs.org/@types/d3-collection/-/d3-collection-1.0.10.tgz",
      "integrity": "sha512-54Fdv8u5JbuXymtmXm2SYzi1x/Svt+jfWBU5junkhrCewL92VjqtCBDn97coBRVwVFmYNnVTNDyV8gQyPYfm+A==",
      "dev": true,
      "optional": true
    },
    "@types/d3-color": {
      "version": "1.4.2",
      "resolved": "https://registry.npmjs.org/@types/d3-color/-/d3-color-1.4.2.tgz",
      "integrity": "sha512-fYtiVLBYy7VQX+Kx7wU/uOIkGQn8aAEY8oWMoyja3N4dLd8Yf6XgSIR/4yWvMuveNOH5VShnqCgRqqh/UNanBA==",
      "dev": true,
      "optional": true
    },
    "@types/d3-dispatch": {
      "version": "1.0.9",
      "resolved": "https://registry.npmjs.org/@types/d3-dispatch/-/d3-dispatch-1.0.9.tgz",
      "integrity": "sha512-zJ44YgjqALmyps+II7b1mZLhrtfV/FOxw9owT87mrweGWcg+WK5oiJX2M3SYJ0XUAExBduarysfgbR11YxzojQ==",
      "dev": true,
      "optional": true
    },
    "@types/d3-drag": {
      "version": "1.2.5",
      "resolved": "https://registry.npmjs.org/@types/d3-drag/-/d3-drag-1.2.5.tgz",
      "integrity": "sha512-7NeTnfolst1Js3Vs7myctBkmJWu6DMI3k597AaHUX98saHjHWJ6vouT83UrpE+xfbSceHV+8A0JgxuwgqgmqWw==",
      "dev": true,
      "optional": true,
      "requires": {
        "@types/d3-selection": "^1"
      }
    },
    "@types/d3-dsv": {
      "version": "1.2.1",
      "resolved": "https://registry.npmjs.org/@types/d3-dsv/-/d3-dsv-1.2.1.tgz",
      "integrity": "sha512-LLmJmjiqp/fTNEdij5bIwUJ6P6TVNk5hKM9/uk5RPO2YNgEu9XvKO0dJ7Iqd3psEdmZN1m7gB1bOsjr4HmO2BA==",
      "dev": true,
      "optional": true
    },
    "@types/d3-ease": {
      "version": "1.0.10",
      "resolved": "https://registry.npmjs.org/@types/d3-ease/-/d3-ease-1.0.10.tgz",
      "integrity": "sha512-fMFTCzd8DOwruE9zlu2O8ci5ct+U5jkGcDS+cH+HCidnJlDs0MZ+TuSVCFtEzh4E5MasItwy+HvgoFtxPHa5Cw==",
      "dev": true,
      "optional": true
    },
    "@types/d3-force": {
      "version": "1.2.4",
      "resolved": "https://registry.npmjs.org/@types/d3-force/-/d3-force-1.2.4.tgz",
      "integrity": "sha512-fkorLTKvt6AQbFBQwn4aq7h9rJ4c7ZVcPMGB8X6eFFveAyMZcv7t7m6wgF4Eg93rkPgPORU7sAho1QSHNcZu6w==",
      "dev": true,
      "optional": true
    },
    "@types/d3-format": {
      "version": "1.4.2",
      "resolved": "https://registry.npmjs.org/@types/d3-format/-/d3-format-1.4.2.tgz",
      "integrity": "sha512-WeGCHAs7PHdZYq6lwl/+jsl+Nfc1J2W1kNcMeIMYzQsT6mtBDBgtJ/rcdjZ0k0rVIvqEZqhhuD5TK/v3P2gFHQ==",
      "dev": true,
      "optional": true
    },
    "@types/d3-geo": {
      "version": "1.12.3",
      "resolved": "https://registry.npmjs.org/@types/d3-geo/-/d3-geo-1.12.3.tgz",
      "integrity": "sha512-yZbPb7/5DyL/pXkeOmZ7L5ySpuGr4H48t1cuALjnJy5sXQqmSSAYBiwa6Ya/XpWKX2rJqGDDubmh3nOaopOpeA==",
      "dev": true,
      "optional": true,
      "requires": {
        "@types/geojson": "*"
      }
    },
    "@types/d3-hierarchy": {
      "version": "1.1.8",
      "resolved": "https://registry.npmjs.org/@types/d3-hierarchy/-/d3-hierarchy-1.1.8.tgz",
      "integrity": "sha512-AbStKxNyWiMDQPGDguG2Kuhlq1Sv539pZSxYbx4UZeYkutpPwXCcgyiRrlV4YH64nIOsKx7XVnOMy9O7rJsXkg==",
      "dev": true,
      "optional": true
    },
    "@types/d3-interpolate": {
      "version": "1.4.2",
      "resolved": "https://registry.npmjs.org/@types/d3-interpolate/-/d3-interpolate-1.4.2.tgz",
      "integrity": "sha512-ylycts6llFf8yAEs1tXzx2loxxzDZHseuhPokrqKprTQSTcD3JbJI1omZP1rphsELZO3Q+of3ff0ZS7+O6yVzg==",
      "dev": true,
      "optional": true,
      "requires": {
        "@types/d3-color": "^1"
      }
    },
    "@types/d3-path": {
      "version": "1.0.9",
      "resolved": "https://registry.npmjs.org/@types/d3-path/-/d3-path-1.0.9.tgz",
      "integrity": "sha512-NaIeSIBiFgSC6IGUBjZWcscUJEq7vpVu7KthHN8eieTV9d9MqkSOZLH4chq1PmcKy06PNe3axLeKmRIyxJ+PZQ==",
      "dev": true,
      "optional": true
    },
    "@types/d3-polygon": {
      "version": "1.0.8",
      "resolved": "https://registry.npmjs.org/@types/d3-polygon/-/d3-polygon-1.0.8.tgz",
      "integrity": "sha512-1TOJPXCBJC9V3+K3tGbTqD/CsqLyv/YkTXAcwdsZzxqw5cvpdnCuDl42M4Dvi8XzMxZNCT9pL4ibrK2n4VmAcw==",
      "dev": true,
      "optional": true
    },
    "@types/d3-quadtree": {
      "version": "1.0.9",
      "resolved": "https://registry.npmjs.org/@types/d3-quadtree/-/d3-quadtree-1.0.9.tgz",
      "integrity": "sha512-5E0OJJn2QVavITFEc1AQlI8gLcIoDZcTKOD3feKFckQVmFV4CXhqRFt83tYNVNIN4ZzRkjlAMavJa1ldMhf5rA==",
      "dev": true,
      "optional": true
    },
    "@types/d3-queue": {
      "version": "3.0.8",
      "resolved": "https://registry.npmjs.org/@types/d3-queue/-/d3-queue-3.0.8.tgz",
      "integrity": "sha512-1FWOiI/MYwS5Z1Sa9EvS1Xet3isiVIIX5ozD6iGnwHonGcqL+RcC1eThXN5VfDmAiYt9Me9EWNEv/9J9k9RIKQ==",
      "dev": true,
      "optional": true
    },
    "@types/d3-random": {
      "version": "1.1.3",
      "resolved": "https://registry.npmjs.org/@types/d3-random/-/d3-random-1.1.3.tgz",
      "integrity": "sha512-XXR+ZbFCoOd4peXSMYJzwk0/elP37WWAzS/DG+90eilzVbUSsgKhBcWqylGWe+lA2ubgr7afWAOBaBxRgMUrBQ==",
      "dev": true,
      "optional": true
    },
    "@types/d3-request": {
      "version": "1.0.6",
      "resolved": "https://registry.npmjs.org/@types/d3-request/-/d3-request-1.0.6.tgz",
      "integrity": "sha512-4nRKDUBg3EBx8VowpMvM3NAVMiMMI1qFUOYv3OJsclGjHX6xjtu09nsWhRQ0fvSUla3MEjb5Ch4IeaYarMEi1w==",
      "dev": true,
      "optional": true,
      "requires": {
        "@types/d3-dsv": "^1"
      }
    },
    "@types/d3-scale": {
      "version": "1.0.17",
      "resolved": "https://registry.npmjs.org/@types/d3-scale/-/d3-scale-1.0.17.tgz",
      "integrity": "sha512-baIP5/gw+PS8Axs1lfZCeIjcOXen/jxQmgFEjbYThwaj2drvivOIrJMh2Ig4MeenrogCH6zkhiOxCPRkvN1scA==",
      "dev": true,
      "optional": true,
      "requires": {
        "@types/d3-time": "^1"
      }
    },
    "@types/d3-selection": {
      "version": "1.4.3",
      "resolved": "https://registry.npmjs.org/@types/d3-selection/-/d3-selection-1.4.3.tgz",
      "integrity": "sha512-GjKQWVZO6Sa96HiKO6R93VBE8DUW+DDkFpIMf9vpY5S78qZTlRRSNUsHr/afDpF7TvLDV7VxrUFOWW7vdIlYkA==",
      "dev": true,
      "optional": true
    },
    "@types/d3-shape": {
      "version": "1.3.8",
      "resolved": "https://registry.npmjs.org/@types/d3-shape/-/d3-shape-1.3.8.tgz",
      "integrity": "sha512-gqfnMz6Fd5H6GOLYixOZP/xlrMtJms9BaS+6oWxTKHNqPGZ93BkWWupQSCYm6YHqx6h9wjRupuJb90bun6ZaYg==",
      "dev": true,
      "optional": true,
      "requires": {
        "@types/d3-path": "^1"
      }
    },
    "@types/d3-time": {
      "version": "1.1.1",
      "resolved": "https://registry.npmjs.org/@types/d3-time/-/d3-time-1.1.1.tgz",
      "integrity": "sha512-ULX7LoqXTCYtM+tLYOaeAJK7IwCT+4Gxlm2MaH0ErKLi07R5lh8NHCAyWcDkCCmx1AfRcBEV6H9QE9R25uP7jw==",
      "dev": true,
      "optional": true
    },
    "@types/d3-time-format": {
      "version": "2.3.1",
      "resolved": "https://registry.npmjs.org/@types/d3-time-format/-/d3-time-format-2.3.1.tgz",
      "integrity": "sha512-fck0Z9RGfIQn3GJIEKVrp15h9m6Vlg0d5XXeiE/6+CQiBmMDZxfR21XtjEPuDeg7gC3bBM0SdieA5XF3GW1wKA==",
      "dev": true,
      "optional": true
    },
    "@types/d3-timer": {
      "version": "1.0.10",
      "resolved": "https://registry.npmjs.org/@types/d3-timer/-/d3-timer-1.0.10.tgz",
      "integrity": "sha512-ZnAbquVqy+4ZjdW0cY6URp+qF/AzTVNda2jYyOzpR2cPT35FTXl78s15Bomph9+ckOiI1TtkljnWkwbIGAb6rg==",
      "dev": true,
      "optional": true
    },
    "@types/d3-transition": {
      "version": "1.3.2",
      "resolved": "https://registry.npmjs.org/@types/d3-transition/-/d3-transition-1.3.2.tgz",
      "integrity": "sha512-J+a3SuF/E7wXbOSN19p8ZieQSFIm5hU2Egqtndbc54LXaAEOpLfDx4sBu/PKAKzHOdgKK1wkMhINKqNh4aoZAg==",
      "dev": true,
      "optional": true,
      "requires": {
        "@types/d3-selection": "^1"
      }
    },
    "@types/d3-voronoi": {
      "version": "1.1.9",
      "resolved": "https://registry.npmjs.org/@types/d3-voronoi/-/d3-voronoi-1.1.9.tgz",
      "integrity": "sha512-DExNQkaHd1F3dFPvGA/Aw2NGyjMln6E9QzsiqOcBgnE+VInYnFBHBBySbZQts6z6xD+5jTfKCP7M4OqMyVjdwQ==",
      "dev": true,
      "optional": true
    },
    "@types/d3-zoom": {
      "version": "1.8.3",
      "resolved": "https://registry.npmjs.org/@types/d3-zoom/-/d3-zoom-1.8.3.tgz",
      "integrity": "sha512-3kHkL6sPiDdbfGhzlp5gIHyu3kULhtnHTTAl3UBZVtWB1PzcLL8vdmz5mTx7plLiUqOA2Y+yT2GKjt/TdA2p7Q==",
      "dev": true,
      "optional": true,
      "requires": {
        "@types/d3-interpolate": "^1",
        "@types/d3-selection": "^1"
      }
    },
    "@types/geojson": {
      "version": "7946.0.8",
      "resolved": "https://registry.npmjs.org/@types/geojson/-/geojson-7946.0.8.tgz",
      "integrity": "sha512-1rkryxURpr6aWP7R786/UQOkJ3PcpQiWkAXBmdWc7ryFWqN6a4xfK7BtjXvFBKO9LjQ+MWQSWxYeZX1OApnArA==",
      "dev": true,
      "optional": true
    },
    "ansi-regex": {
      "version": "5.0.1",
      "resolved": "https://registry.npmjs.org/ansi-regex/-/ansi-regex-5.0.1.tgz",
      "integrity": "sha512-quJQXlTSUGL2LH9SUXo8VwsY4soanhgo6LNSm84E1LBcE8s3O0wpdiRzyR9z/ZZJMlMWv37qOOb9pdJlMUEKFQ=="
    },
    "ansi-styles": {
      "version": "4.3.0",
      "resolved": "https://registry.npmjs.org/ansi-styles/-/ansi-styles-4.3.0.tgz",
      "integrity": "sha512-zbB9rCJAT1rbjiVDb2hqKFHNYLxgtk8NURxZ3IZwD3F6NtxbXZQCnnSi1Lkx+IDohdPlFp222wVALIheZJQSEg==",
      "requires": {
        "color-convert": "^2.0.1"
      }
    },
    "async": {
      "version": "2.6.3",
      "resolved": "https://registry.npmjs.org/async/-/async-2.6.3.tgz",
      "integrity": "sha512-zflvls11DCy+dQWzTW2dzuilv8Z5X/pjfmZOWba6TNIVDm+2UDaJmXSOXlasHKfNBs8oo3M0aT50fDEWfKZjXg==",
      "dev": true,
      "requires": {
        "lodash": "^4.17.14"
      }
    },
    "attr-accept": {
      "version": "1.1.3",
      "resolved": "https://registry.npmjs.org/attr-accept/-/attr-accept-1.1.3.tgz",
      "integrity": "sha512-iT40nudw8zmCweivz6j58g+RT33I4KbaIvRUhjNmDwO2WmsQUxFEZZYZ5w3vXe5x5MX9D7mfvA/XaLOZYFR9EQ==",
      "dev": true,
      "requires": {
        "core-js": "^2.5.0"
      }
    },
    "basic-auth": {
      "version": "2.0.1",
      "resolved": "https://registry.npmjs.org/basic-auth/-/basic-auth-2.0.1.tgz",
      "integrity": "sha512-NF+epuEdnUYVlGuhaxbbq+dvJttwLnGY+YixlXlME5KpQ5W3CnXA5cVTneY3SPbPDRkcjMbifrwmFYcClgOZeg==",
      "dev": true,
      "requires": {
        "safe-buffer": "5.1.2"
      }
    },
    "bootstrap": {
      "version": "3.4.1",
      "resolved": "https://registry.npmjs.org/bootstrap/-/bootstrap-3.4.1.tgz",
      "integrity": "sha512-yN5oZVmRCwe5aKwzRj6736nSmKDX7pLYwsXiCj/EYmo16hODaBiT4En5btW/jhBF/seV+XMx3aYwukYC3A49DA==",
      "dev": true
    },
    "bootstrap-datepicker": {
      "version": "1.9.0",
      "resolved": "https://registry.npmjs.org/bootstrap-datepicker/-/bootstrap-datepicker-1.9.0.tgz",
      "integrity": "sha512-9rYYbaVOheGYxjOr/+bJCmRPihfy+LkLSg4fIFMT9Od8WwWB/MB50w0JO1eBgKUMbb7PFHQD5uAfI3ArAxZRXA==",
      "dev": true,
      "optional": true,
      "requires": {
        "jquery": ">=1.7.1 <4.0.0"
      }
    },
    "bootstrap-sass": {
      "version": "3.4.1",
      "resolved": "https://registry.npmjs.org/bootstrap-sass/-/bootstrap-sass-3.4.1.tgz",
      "integrity": "sha512-p5rxsK/IyEDQm2CwiHxxUi0MZZtvVFbhWmyMOt4lLkA4bujDA1TGoKT0i1FKIWiugAdP+kK8T5KMDFIKQCLYIA==",
      "dev": true,
      "optional": true
    },
    "bootstrap-select": {
      "version": "1.12.2",
      "resolved": "https://registry.npmjs.org/bootstrap-select/-/bootstrap-select-1.12.2.tgz",
      "integrity": "sha1-WNCVs/1YSzFEOGb745tv3U5OEqQ=",
      "dev": true,
      "optional": true,
      "requires": {
        "jquery": ">=1.8"
      }
    },
    "bootstrap-slider": {
      "version": "9.10.0",
      "resolved": "https://registry.npmjs.org/bootstrap-slider/-/bootstrap-slider-9.10.0.tgz",
      "integrity": "sha1-EQPWvADPv6jPyaJZmrUYxVZD2j8=",
      "dev": true,
      "optional": true
    },
    "bootstrap-switch": {
      "version": "3.3.4",
      "resolved": "https://registry.npmjs.org/bootstrap-switch/-/bootstrap-switch-3.3.4.tgz",
      "integrity": "sha1-cOCusqh3wNx2aZHeEI4hcPwpov8=",
      "dev": true,
      "optional": true
    },
    "bootstrap-touchspin": {
      "version": "3.1.1",
      "resolved": "https://registry.npmjs.org/bootstrap-touchspin/-/bootstrap-touchspin-3.1.1.tgz",
      "integrity": "sha1-l3nerHKq9Xfl52K4USx0fIcdlZc=",
      "dev": true,
      "optional": true
    },
    "c3": {
      "version": "0.4.24",
      "resolved": "https://registry.npmjs.org/c3/-/c3-0.4.24.tgz",
      "integrity": "sha512-mVCFtN5ZWUT5UE7ilFQ7KBQ7TUCdKIq6KsDt1hH/1m6gC1tBjvzFTO7fqhaiWHfhNOjjM7makschdhg6DkWQMA==",
      "dev": true,
      "optional": true,
      "requires": {
        "d3": "~3.5.0"
      }
    },
    "call-bind": {
      "version": "1.0.2",
      "resolved": "https://registry.npmjs.org/call-bind/-/call-bind-1.0.2.tgz",
      "integrity": "sha512-7O+FbCihrB5WGbFYesctwmTKae6rOiIzmz1icreWJ+0aA7LJfuqhEso2T9ncpcFtzMQtzXf2QGGueWJGTYsqrA==",
      "dev": true,
      "requires": {
        "function-bind": "^1.1.1",
        "get-intrinsic": "^1.0.2"
      }
    },
    "chalk": {
      "version": "4.1.2",
      "resolved": "https://registry.npmjs.org/chalk/-/chalk-4.1.2.tgz",
      "integrity": "sha512-oKnbhFyRIXpUuez8iBMmyEa4nbj4IOQyuhc/wy9kY7/WVPcwIO9VA668Pu8RkO7+0G76SLROeyw9CpQ061i4mA==",
      "requires": {
        "ansi-styles": "^4.1.0",
        "supports-color": "^7.1.0"
      },
      "dependencies": {
        "supports-color": {
          "version": "7.2.0",
          "resolved": "https://registry.npmjs.org/supports-color/-/supports-color-7.2.0.tgz",
          "integrity": "sha512-qpCAvRl9stuOHveKsn7HncJRvv501qIacKzQlO/+Lwxc9+0q2wLyv4Dfvt80/DPn2pqOBsJdDiogXGR9+OvwRw==",
          "requires": {
            "has-flag": "^4.0.0"
          }
        }
      }
    },
    "cliui": {
      "version": "7.0.4",
      "resolved": "https://registry.npmjs.org/cliui/-/cliui-7.0.4.tgz",
      "integrity": "sha512-OcRE68cOsVMXp1Yvonl/fzkQOyjLSu/8bhPDfQt0e0/Eb283TKP20Fs2MqoPsr9SwA595rRCA+QMzYc9nBP+JQ==",
      "requires": {
        "string-width": "^4.2.0",
        "strip-ansi": "^6.0.0",
        "wrap-ansi": "^7.0.0"
      }
    },
    "color-convert": {
      "version": "2.0.1",
      "resolved": "https://registry.npmjs.org/color-convert/-/color-convert-2.0.1.tgz",
      "integrity": "sha512-RRECPsj7iu/xb5oKYcsFHSppFNnsj/52OVTRKb4zP5onXwVF3zVmmToNcOfGC+CRDpfK/U584fMg38ZHCaElKQ==",
      "requires": {
        "color-name": "~1.1.4"
      }
    },
    "color-name": {
      "version": "1.1.4",
      "resolved": "https://registry.npmjs.org/color-name/-/color-name-1.1.4.tgz",
      "integrity": "sha512-dOy+3AuW3a2wNbZHIuMZpTcgjGuLU/uBL/ubcZF9OXbDo8ff4O8yVp5Bf0efS8uEoYo5q4Fx7dY9OgQGXgAsQA=="
    },
    "colors": {
      "version": "1.4.0",
      "resolved": "https://registry.npmjs.org/colors/-/colors-1.4.0.tgz",
      "integrity": "sha512-a+UqTh4kgZg/SlGvfbzDHpgRu7AAQOmmqRHJnxhRZICKFUT91brVhNNt58CMWU9PsBbv3PDCZUHbVxuDiH2mtA==",
      "dev": true
    },
    "concurrently": {
      "version": "6.3.0",
      "resolved": "https://registry.npmjs.org/concurrently/-/concurrently-6.3.0.tgz",
      "integrity": "sha512-k4k1jQGHHKsfbqzkUszVf29qECBrkvBKkcPJEUDTyVR7tZd1G/JOfnst4g1sYbFvJ4UjHZisj1aWQR8yLKpGPw==",
      "requires": {
        "chalk": "^4.1.0",
        "date-fns": "^2.16.1",
        "lodash": "^4.17.21",
        "rxjs": "^6.6.3",
        "spawn-command": "^0.0.2-1",
        "supports-color": "^8.1.0",
        "tree-kill": "^1.2.2",
        "yargs": "^16.2.0"
      }
    },
    "core-js": {
      "version": "2.6.12",
      "resolved": "https://registry.npmjs.org/core-js/-/core-js-2.6.12.tgz",
      "integrity": "sha512-Kb2wC0fvsWfQrgk8HU5lW6U/Lcs8+9aaYcy4ZFc6DDlo4nZ7n70dEgE5rtR0oG6ufKDUnrwfWL1mXR5ljDatrQ==",
      "dev": true
    },
    "corser": {
      "version": "2.0.1",
      "resolved": "https://registry.npmjs.org/corser/-/corser-2.0.1.tgz",
      "integrity": "sha1-jtolLsqrWEDc2XXOuQ2TcMgZ/4c=",
      "dev": true
    },
    "d3": {
      "version": "3.5.17",
      "resolved": "https://registry.npmjs.org/d3/-/d3-3.5.17.tgz",
      "integrity": "sha1-vEZ0gAQ3iyGjYMn8fPUjF5B2L7g=",
      "dev": true,
      "optional": true
    },
    "datatables.net": {
      "version": "1.11.3",
      "resolved": "https://registry.npmjs.org/datatables.net/-/datatables.net-1.11.3.tgz",
      "integrity": "sha512-VMj5qEaTebpNurySkM6jy6sGpl+s6onPK8xJhYr296R/vUBnz1+id16NVqNf9z5aR076OGcpGHCuiTuy4E05oQ==",
      "dev": true,
      "optional": true,
      "requires": {
        "jquery": ">=1.7"
      }
    },
    "datatables.net-bs": {
      "version": "1.11.3",
      "resolved": "https://registry.npmjs.org/datatables.net-bs/-/datatables.net-bs-1.11.3.tgz",
      "integrity": "sha512-Db1YwAhO0QAWQbZTsKriUrOInT66+xaA+fV616KTKpQt5Zt+p6OsEKK+xv8LxLgG8qu5dPwMBlkhqSiS/hV2sg==",
      "dev": true,
      "optional": true,
      "requires": {
        "datatables.net": ">=1.10.25",
        "jquery": ">=1.7"
      }
    },
    "datatables.net-colreorder": {
      "version": "1.5.4",
      "resolved": "https://registry.npmjs.org/datatables.net-colreorder/-/datatables.net-colreorder-1.5.4.tgz",
      "integrity": "sha512-Y9J2DvjBiFw/ADRce7aSaWhLN9yea9ZxK5FA8MDoLmMXtAR7AnKoe0XoTXAPD5aoHCUMiQKEt91qU7CT05KhEg==",
      "dev": true,
      "optional": true,
      "requires": {
        "datatables.net": "^1.10.15",
        "jquery": ">=1.7"
      }
    },
    "datatables.net-colreorder-bs": {
      "version": "1.3.3",
      "resolved": "https://registry.npmjs.org/datatables.net-colreorder-bs/-/datatables.net-colreorder-bs-1.3.3.tgz",
      "integrity": "sha1-Op3LCN7r612FQHlZHgbkk615OlM=",
      "dev": true,
      "optional": true,
      "requires": {
        "datatables.net-bs": ">=1.10.9",
        "datatables.net-colreorder": ">=1.2.0",
        "jquery": ">=1.7"
      }
    },
    "datatables.net-select": {
      "version": "1.2.7",
      "resolved": "https://registry.npmjs.org/datatables.net-select/-/datatables.net-select-1.2.7.tgz",
      "integrity": "sha512-C3XDi7wpruGjDXV36dc9hN/FrAX9GOFvBZ7+KfKJTBNkGFbbhdzHS91SMeGiwRXPYivAyxfPTcVVndVaO83uBQ==",
      "dev": true,
      "optional": true,
      "requires": {
        "datatables.net": "^1.10.15",
        "jquery": ">=1.7"
      }
    },
    "date-fns": {
      "version": "2.25.0",
      "resolved": "https://registry.npmjs.org/date-fns/-/date-fns-2.25.0.tgz",
      "integrity": "sha512-ovYRFnTrbGPD4nqaEqescPEv1mNwvt+UTqI3Ay9SzNtey9NZnYu6E2qCcBBgJ6/2VF1zGGygpyTDITqpQQ5e+w=="
    },
    "debug": {
      "version": "3.2.7",
      "resolved": "https://registry.npmjs.org/debug/-/debug-3.2.7.tgz",
      "integrity": "sha512-CFjzYYAi4ThfiQvizrFQevTTXHtnCqWfe7x1AhgEscTz6ZbLbfoLRLPugTQyBth6f8ZERVUSyWHFD/7Wu4t1XQ==",
      "dev": true,
      "requires": {
        "ms": "^2.1.1"
      }
    },
    "drmonty-datatables-colvis": {
      "version": "1.1.2",
      "resolved": "https://registry.npmjs.org/drmonty-datatables-colvis/-/drmonty-datatables-colvis-1.1.2.tgz",
      "integrity": "sha1-lque37SGQ8wu3aP4e4iTPN7oEnw=",
      "dev": true,
      "optional": true,
      "requires": {
        "jquery": ">=1.7.0"
      }
    },
    "emoji-regex": {
      "version": "8.0.0",
      "resolved": "https://registry.npmjs.org/emoji-regex/-/emoji-regex-8.0.0.tgz",
      "integrity": "sha512-MSjYzcWNOA0ewAHpz0MxpYFvwg6yjy1NG3xteoqz644VCo/RPgnr1/GGt+ic3iJTzQ8Eu3TdM14SawnVUmGE6A=="
    },
    "eonasdan-bootstrap-datetimepicker": {
      "version": "4.17.49",
      "resolved": "https://registry.npmjs.org/eonasdan-bootstrap-datetimepicker/-/eonasdan-bootstrap-datetimepicker-4.17.49.tgz",
      "integrity": "sha512-7KZeDpkj+A6AtPR3XjX8gAnRPUkPSfW0OmMANG1dkUOPMtLSzbyoCjDIdEcfRtQPU5X0D9Gob7wWKn0h4QWy7A==",
      "dev": true,
      "optional": true,
      "requires": {
        "bootstrap": "^3.3",
        "jquery": "^3.5.1",
        "moment": "^2.10",
        "moment-timezone": "^0.4.0"
      },
      "dependencies": {
        "jquery": {
          "version": "3.6.0",
          "resolved": "https://registry.npmjs.org/jquery/-/jquery-3.6.0.tgz",
          "integrity": "sha512-JVzAR/AjBvVt2BmYhxRCSYysDsPcssdmTFnzyLEts9qNwmjmu4JTAMYubEfwVOSwpQ1I1sKKFcxhZCI2buerfw==",
          "dev": true,
          "optional": true
        }
      }
    },
    "escalade": {
      "version": "3.1.1",
      "resolved": "https://registry.npmjs.org/escalade/-/escalade-3.1.1.tgz",
      "integrity": "sha512-k0er2gUkLf8O0zKJiAhmkTnJlTvINGv7ygDNPbeIsX/TJjGJZHuh9B2UxbsaEkmlEo9MfhrSzmhIlhRlI2GXnw=="
    },
    "eventemitter3": {
      "version": "4.0.7",
      "resolved": "https://registry.npmjs.org/eventemitter3/-/eventemitter3-4.0.7.tgz",
      "integrity": "sha512-8guHBZCwKnFhYdHr2ysuRWErTwhoN2X8XELRlrRwpmfeY2jjuUN4taQMsULKUVo1K4DvZl+0pgfyoysHxvmvEw==",
      "dev": true
    },
    "file-selector": {
      "version": "0.1.19",
      "resolved": "https://registry.npmjs.org/file-selector/-/file-selector-0.1.19.tgz",
      "integrity": "sha512-kCWw3+Aai8Uox+5tHCNgMFaUdgidxvMnLWO6fM5sZ0hA2wlHP5/DHGF0ECe84BiB95qdJbKNEJhWKVDvMN+JDQ==",
      "dev": true,
      "requires": {
        "tslib": "^2.0.1"
      }
    },
    "focus-trap": {
      "version": "6.2.2",
      "resolved": "https://registry.npmjs.org/focus-trap/-/focus-trap-6.2.2.tgz",
      "integrity": "sha512-qWovH9+LGoKqREvJaTCzJyO0hphQYGz+ap5Hc4NqXHNhZBdxCi5uBPPcaOUw66fHmzXLVwvETLvFgpwPILqKpg==",
      "dev": true,
      "requires": {
        "tabbable": "^5.1.4"
      }
    },
    "follow-redirects": {
      "version": "1.14.4",
      "resolved": "https://registry.npmjs.org/follow-redirects/-/follow-redirects-1.14.4.tgz",
      "integrity": "sha512-zwGkiSXC1MUJG/qmeIFH2HBJx9u0V46QGUe3YR1fXG8bXQxq7fLj0RjLZQ5nubr9qNJUZrH+xUcwXEoXNpfS+g==",
      "dev": true
    },
    "font-awesome": {
      "version": "4.7.0",
      "resolved": "https://registry.npmjs.org/font-awesome/-/font-awesome-4.7.0.tgz",
      "integrity": "sha1-j6jPBBGhoxr9B7BtKQK7n8gVoTM=",
      "dev": true
    },
    "font-awesome-sass": {
      "version": "4.7.0",
      "resolved": "https://registry.npmjs.org/font-awesome-sass/-/font-awesome-sass-4.7.0.tgz",
      "integrity": "sha1-TtppPpFQCc4Asijglk3F7Km8NOE=",
      "dev": true,
      "optional": true
    },
    "function-bind": {
      "version": "1.1.1",
      "resolved": "https://registry.npmjs.org/function-bind/-/function-bind-1.1.1.tgz",
      "integrity": "sha512-yIovAzMX49sF8Yl58fSCWJ5svSLuaibPxXQJFLmBObTuCr0Mf1KiPopGM9NiFjiYBCbfaa2Fh6breQ6ANVTI0A==",
      "dev": true
    },
    "get-caller-file": {
      "version": "2.0.5",
      "resolved": "https://registry.npmjs.org/get-caller-file/-/get-caller-file-2.0.5.tgz",
      "integrity": "sha512-DyFP3BM/3YHTQOCUL/w0OZHR0lpKeGrxotcHWcqNEdnltqFwXVfhEBQ94eIo34AfQpo0rGki4cyIiftY06h2Fg=="
    },
    "get-intrinsic": {
      "version": "1.1.1",
      "resolved": "https://registry.npmjs.org/get-intrinsic/-/get-intrinsic-1.1.1.tgz",
      "integrity": "sha512-kWZrnVM42QCiEA2Ig1bG8zjoIMOgxWwYCEeNdwY6Tv/cOSeGpcoX4pXHfKUxNKVoArnrEr2e9srnAxxGIraS9Q==",
      "dev": true,
      "requires": {
        "function-bind": "^1.1.1",
        "has": "^1.0.3",
        "has-symbols": "^1.0.1"
      }
    },
    "google-code-prettify": {
      "version": "1.0.5",
      "resolved": "https://registry.npmjs.org/google-code-prettify/-/google-code-prettify-1.0.5.tgz",
      "integrity": "sha1-n0d/Ik2/piNy5e+AOn4VdBBAAIQ=",
      "dev": true,
      "optional": true
    },
    "has": {
      "version": "1.0.3",
      "resolved": "https://registry.npmjs.org/has/-/has-1.0.3.tgz",
      "integrity": "sha512-f2dvO0VU6Oej7RkWJGrehjbzMAjFp5/VKPp5tTpWIV4JHHZK1/BxbFRtf/siA2SWTe09caDmVtYYzWEIbBS4zw==",
      "dev": true,
      "requires": {
        "function-bind": "^1.1.1"
      }
    },
    "has-flag": {
      "version": "4.0.0",
      "resolved": "https://registry.npmjs.org/has-flag/-/has-flag-4.0.0.tgz",
      "integrity": "sha512-EykJT/Q1KjTWctppgIAgfSO0tKVuZUjhgMr17kqTumMl6Afv3EISleU7qZUzoXDFTAHTDC4NOoG/ZxU3EvlMPQ=="
    },
    "has-symbols": {
      "version": "1.0.2",
      "resolved": "https://registry.npmjs.org/has-symbols/-/has-symbols-1.0.2.tgz",
      "integrity": "sha512-chXa79rL/UC2KlX17jo3vRGz0azaWEx5tGqZg5pO3NUyEJVB17dMruQlzCCOfUvElghKcm5194+BCRvi2Rv/Gw==",
      "dev": true
    },
    "he": {
      "version": "1.2.0",
      "resolved": "https://registry.npmjs.org/he/-/he-1.2.0.tgz",
      "integrity": "sha512-F/1DnUGPopORZi0ni+CvrCgHQ5FyEAHRLSApuYWMmrbSwoN2Mn/7k+Gl38gJnR7yyDZk6WLXwiGod1JOWNDKGw==",
      "dev": true
    },
    "html-encoding-sniffer": {
      "version": "3.0.0",
      "resolved": "https://registry.npmjs.org/html-encoding-sniffer/-/html-encoding-sniffer-3.0.0.tgz",
      "integrity": "sha512-oWv4T4yJ52iKrufjnyZPkrN0CH3QnrUqdB6In1g5Fe1mia8GmF36gnfNySxoZtxD5+NmYw1EElVXiBk93UeskA==",
      "dev": true,
      "requires": {
        "whatwg-encoding": "^2.0.0"
      }
    },
    "http-proxy": {
      "version": "1.18.1",
      "resolved": "https://registry.npmjs.org/http-proxy/-/http-proxy-1.18.1.tgz",
      "integrity": "sha512-7mz/721AbnJwIVbnaSv1Cz3Am0ZLT/UBwkC92VlxhXv/k/BBQfM2fXElQNC27BVGr0uwUpplYPQM9LnaBMR5NQ==",
      "dev": true,
      "requires": {
        "eventemitter3": "^4.0.0",
        "follow-redirects": "^1.0.0",
        "requires-port": "^1.0.0"
      }
    },
    "http-server": {
      "version": "14.0.0",
      "resolved": "https://registry.npmjs.org/http-server/-/http-server-14.0.0.tgz",
      "integrity": "sha512-XTePIXAo5x72bI8SlKFSqsg7UuSHwsOa4+RJIe56YeMUvfTvGDy7TxFkTEhfIRmM/Dnf6x29ut541ythSBZdkQ==",
      "dev": true,
      "requires": {
        "basic-auth": "^2.0.1",
        "colors": "^1.4.0",
        "corser": "^2.0.1",
        "he": "^1.2.0",
        "html-encoding-sniffer": "^3.0.0",
        "http-proxy": "^1.18.1",
        "mime": "^1.6.0",
        "minimist": "^1.2.5",
        "opener": "^1.5.1",
        "portfinder": "^1.0.28",
        "secure-compare": "3.0.1",
        "union": "~0.5.0",
        "url-join": "^4.0.1"
      }
    },
    "iconv-lite": {
      "version": "0.6.3",
      "resolved": "https://registry.npmjs.org/iconv-lite/-/iconv-lite-0.6.3.tgz",
      "integrity": "sha512-4fCk79wshMdzMp2rH06qWrJE4iolqLhCUH+OiuIgU++RB0+94NlDL81atO7GX55uUKueo0txHNtvEyI6D7WdMw==",
      "dev": true,
      "requires": {
        "safer-buffer": ">= 2.1.2 < 3.0.0"
      }
    },
    "is-fullwidth-code-point": {
      "version": "3.0.0",
      "resolved": "https://registry.npmjs.org/is-fullwidth-code-point/-/is-fullwidth-code-point-3.0.0.tgz",
      "integrity": "sha512-zymm5+u+sCsSWyD9qNaejV3DFvhCKclKdizYaJUuHA83RLjb7nSuGnddCHGv0hk+KY7BMAlsWeK4Ueg6EV6XQg=="
    },
    "jquery": {
      "version": "3.4.1",
      "resolved": "https://registry.npmjs.org/jquery/-/jquery-3.4.1.tgz",
      "integrity": "sha512-36+AdBzCL+y6qjw5Tx7HgzeGCzC81MDDgaUP8ld2zhx58HdqXGoBd+tHdrBMiyjGQs0Hxs/MLZTu/eHNJJuWPw==",
      "dev": true
    },
    "jquery-match-height": {
      "version": "0.7.2",
      "resolved": "https://registry.npmjs.org/jquery-match-height/-/jquery-match-height-0.7.2.tgz",
      "integrity": "sha1-+NnzulMU2qsQnPB0CGdL4gS+Xw4=",
      "dev": true,
      "optional": true
    },
    "js-tokens": {
      "version": "4.0.0",
      "resolved": "https://registry.npmjs.org/js-tokens/-/js-tokens-4.0.0.tgz",
      "integrity": "sha512-RdJUflcE3cUzKiMqQgsCu06FPu9UdIJO0beYbPhHN4k6apgJtifcoCtT9bcxOpYBtpD2kCM6Sbzg4CausW/PKQ==",
      "dev": true
    },
    "lodash": {
      "version": "4.17.21",
      "resolved": "https://registry.npmjs.org/lodash/-/lodash-4.17.21.tgz",
      "integrity": "sha512-v2kDEe57lecTulaDIuNTPy3Ry4gLGJ6Z1O3vE1krgXZNrsQ+LFTGHVxVjcXPs17LhbZVGedAJv8XZ1tvj5FvSg=="
    },
    "loose-envify": {
      "version": "1.4.0",
      "resolved": "https://registry.npmjs.org/loose-envify/-/loose-envify-1.4.0.tgz",
      "integrity": "sha512-lyuxPGr/Wfhrlem2CL/UcnUc1zcqKAImBDzukY7Y5F/yQiNdko6+fRLevlw1HgMySw7f611UIY408EtxRSoK3Q==",
      "dev": true,
      "requires": {
        "js-tokens": "^3.0.0 || ^4.0.0"
      }
    },
    "mime": {
      "version": "1.6.0",
      "resolved": "https://registry.npmjs.org/mime/-/mime-1.6.0.tgz",
      "integrity": "sha512-x0Vn8spI+wuJ1O6S7gnbaQg8Pxh4NNHb7KSINmEWKiPE4RKOplvijn+NkmYmmRgP68mc70j2EbeTFRsrswaQeg==",
      "dev": true
    },
    "minimist": {
      "version": "1.2.5",
      "resolved": "https://registry.npmjs.org/minimist/-/minimist-1.2.5.tgz",
      "integrity": "sha512-FM9nNUYrRBAELZQT3xeZQ7fmMOBg6nWNmJKTcgsJeaLstP/UODVpGsr5OhXhhXg6f+qtJ8uiZ+PUxkDWcgIXLw==",
      "dev": true
    },
    "mkdirp": {
      "version": "0.5.5",
      "resolved": "https://registry.npmjs.org/mkdirp/-/mkdirp-0.5.5.tgz",
      "integrity": "sha512-NKmAlESf6jMGym1++R0Ra7wvhV+wFW63FaSOFPwRahvea0gMUcGUhVeAg/0BC0wiv9ih5NYPB1Wn1UEI1/L+xQ==",
      "dev": true,
      "requires": {
        "minimist": "^1.2.5"
      }
    },
    "moment": {
      "version": "2.29.1",
      "resolved": "https://registry.npmjs.org/moment/-/moment-2.29.1.tgz",
      "integrity": "sha512-kHmoybcPV8Sqy59DwNDY3Jefr64lK/by/da0ViFcuA4DH0vQg5Q6Ze5VimxkfQNSC+Mls/Kx53s7TjP1RhFEDQ==",
      "dev": true,
      "optional": true
    },
    "moment-timezone": {
      "version": "0.4.1",
      "resolved": "https://registry.npmjs.org/moment-timezone/-/moment-timezone-0.4.1.tgz",
      "integrity": "sha1-gfWYw61eIs2teWtn7NjYjQ9bqgY=",
      "dev": true,
      "optional": true,
      "requires": {
        "moment": ">= 2.6.0"
      }
    },
    "ms": {
      "version": "2.1.3",
      "resolved": "https://registry.npmjs.org/ms/-/ms-2.1.3.tgz",
      "integrity": "sha512-6FlzubTLZG3J2a/NVCAleEhjzq5oxgHyaCU9yYXvcLsvoVaHJq/s5xXI6/XXP6tz7R9xAOtHnSO/tXtF3WRTlA==",
      "dev": true
    },
    "object-assign": {
      "version": "4.1.1",
      "resolved": "https://registry.npmjs.org/object-assign/-/object-assign-4.1.1.tgz",
      "integrity": "sha1-IQmtx5ZYh8/AXLvUQsrIv7s2CGM=",
      "dev": true
    },
    "object-inspect": {
      "version": "1.11.0",
      "resolved": "https://registry.npmjs.org/object-inspect/-/object-inspect-1.11.0.tgz",
      "integrity": "sha512-jp7ikS6Sd3GxQfZJPyH3cjcbJF6GZPClgdV+EFygjFLQ5FmW/dRUnTd9PQ9k0JhoNDabWFbpF1yCdSWCC6gexg==",
      "dev": true
    },
    "opener": {
      "version": "1.5.2",
      "resolved": "https://registry.npmjs.org/opener/-/opener-1.5.2.tgz",
      "integrity": "sha512-ur5UIdyw5Y7yEj9wLzhqXiy6GZ3Mwx0yGI+5sMn2r0N0v3cKJvUmFH5yPP+WXh9e0xfyzyJX95D8l088DNFj7A==",
      "dev": true
    },
    "patternfly": {
      "version": "3.59.5",
      "resolved": "https://registry.npmjs.org/patternfly/-/patternfly-3.59.5.tgz",
      "integrity": "sha512-SMQynv9eFrWWG0Ujta5+jPjxHdQB3xkTLiDW5VP8XXc0nGUxXb4EnZh21qiMeGGJYaKpu9CzaPEpCvuBxgYWHQ==",
      "dev": true,
      "requires": {
        "@types/c3": "^0.6.0",
        "bootstrap": "~3.4.1",
        "bootstrap-datepicker": "^1.7.1",
        "bootstrap-sass": "^3.4.0",
        "bootstrap-select": "1.12.2",
        "bootstrap-slider": "^9.9.0",
        "bootstrap-switch": "3.3.4",
        "bootstrap-touchspin": "~3.1.1",
        "c3": "~0.4.11",
        "d3": "~3.5.17",
        "datatables.net": "^1.10.15",
        "datatables.net-colreorder": "^1.4.1",
        "datatables.net-colreorder-bs": "~1.3.2",
        "datatables.net-select": "~1.2.0",
        "drmonty-datatables-colvis": "~1.1.2",
        "eonasdan-bootstrap-datetimepicker": "^4.17.47",
        "font-awesome": "^4.7.0",
        "font-awesome-sass": "^4.7.0",
        "google-code-prettify": "~1.0.5",
        "jquery": "~3.4.1",
        "jquery-match-height": "^0.7.2",
        "moment": "^2.19.1",
        "moment-timezone": "^0.4.1",
        "patternfly-bootstrap-combobox": "~1.1.7",
        "patternfly-bootstrap-treeview": "~2.1.10"
      }
    },
    "patternfly-bootstrap-combobox": {
      "version": "1.1.7",
      "resolved": "https://registry.npmjs.org/patternfly-bootstrap-combobox/-/patternfly-bootstrap-combobox-1.1.7.tgz",
      "integrity": "sha1-al48zRFwwhs8S0qhaKdBPh3btuE=",
      "dev": true,
      "optional": true
    },
    "patternfly-bootstrap-treeview": {
      "version": "2.1.10",
      "resolved": "https://registry.npmjs.org/patternfly-bootstrap-treeview/-/patternfly-bootstrap-treeview-2.1.10.tgz",
      "integrity": "sha512-P9+iFu34CwX+R5Fd7/EWbxTug0q9mDj53PnZIIh5ie54KX2kD0+54lCWtpD9SVylDwDtDv3n3A6gbFVkx7HsuA==",
      "dev": true,
      "optional": true,
      "requires": {
        "bootstrap": "^3.4.1",
        "jquery": "^3.4.1"
      }
    },
    "popper.js": {
      "version": "1.16.1",
      "resolved": "https://registry.npmjs.org/popper.js/-/popper.js-1.16.1.tgz",
      "integrity": "sha512-Wb4p1J4zyFTbM+u6WuO4XstYx4Ky9Cewe4DWrel7B0w6VVICvPwdOpotjzcf6eD8TsckVnIMNONQyPIUFOUbCQ==",
      "dev": true
    },
    "portfinder": {
      "version": "1.0.28",
      "resolved": "https://registry.npmjs.org/portfinder/-/portfinder-1.0.28.tgz",
      "integrity": "sha512-Se+2isanIcEqf2XMHjyUKskczxbPH7dQnlMjXX6+dybayyHvAf/TCgyMRlzf/B6QDhAEFOGes0pzRo3by4AbMA==",
      "dev": true,
      "requires": {
        "async": "^2.6.2",
        "debug": "^3.1.1",
        "mkdirp": "^0.5.5"
      }
    },
    "prop-types": {
      "version": "15.7.2",
      "resolved": "https://registry.npmjs.org/prop-types/-/prop-types-15.7.2.tgz",
      "integrity": "sha512-8QQikdH7//R2vurIJSutZ1smHYTcLpRWEOlHnzcWHmBYrOGUysKwSsrC89BCiFj3CbrfJ/nXFdJepOVrY1GCHQ==",
      "dev": true,
      "requires": {
        "loose-envify": "^1.4.0",
        "object-assign": "^4.1.1",
        "react-is": "^16.8.1"
      }
    },
    "prop-types-extra": {
      "version": "1.1.1",
      "resolved": "https://registry.npmjs.org/prop-types-extra/-/prop-types-extra-1.1.1.tgz",
      "integrity": "sha512-59+AHNnHYCdiC+vMwY52WmvP5dM3QLeoumYuEyceQDi9aEhtwN9zIQ2ZNo25sMyXnbh32h+P1ezDsUpUH3JAew==",
      "dev": true,
      "requires": {
        "react-is": "^16.3.2",
        "warning": "^4.0.0"
      }
    },
    "qs": {
      "version": "6.10.1",
      "resolved": "https://registry.npmjs.org/qs/-/qs-6.10.1.tgz",
      "integrity": "sha512-M528Hph6wsSVOBiYUnGf+K/7w0hNshs/duGsNXPUCLH5XAqjEtiPGwNONLV0tBH8NoGb0mvD5JubnUTrujKDTg==",
      "dev": true,
      "requires": {
        "side-channel": "^1.0.4"
      }
    },
    "react-dropzone": {
      "version": "9.0.0",
      "resolved": "https://registry.npmjs.org/react-dropzone/-/react-dropzone-9.0.0.tgz",
      "integrity": "sha512-wZ2o9B2qkdE3RumWhfyZT9swgJYJPeU5qHEcMU8weYpmLex1eeWX0CC32/Y0VutB+BBi2D+iePV/YZIiB4kZGw==",
      "dev": true,
      "requires": {
        "attr-accept": "^1.1.3",
        "file-selector": "^0.1.8",
        "prop-types": "^15.6.2",
        "prop-types-extra": "^1.1.0"
      }
    },
    "react-is": {
      "version": "16.13.1",
      "resolved": "https://registry.npmjs.org/react-is/-/react-is-16.13.1.tgz",
      "integrity": "sha512-24e6ynE2H+OKt4kqsOvNd8kBpV65zoxbA4BVsEOB3ARVWQki/DHzaUoC5KuON/BiccDaCCTZBuOcfZs70kR8bQ==",
      "dev": true
    },
    "require-directory": {
      "version": "2.1.1",
      "resolved": "https://registry.npmjs.org/require-directory/-/require-directory-2.1.1.tgz",
      "integrity": "sha1-jGStX9MNqxyXbiNE/+f3kqam30I="
    },
    "requires-port": {
      "version": "1.0.0",
      "resolved": "https://registry.npmjs.org/requires-port/-/requires-port-1.0.0.tgz",
      "integrity": "sha1-kl0mAdOaxIXgkc8NpcbmlNw9yv8=",
      "dev": true
    },
    "rxjs": {
      "version": "6.6.7",
      "resolved": "https://registry.npmjs.org/rxjs/-/rxjs-6.6.7.tgz",
      "integrity": "sha512-hTdwr+7yYNIT5n4AMYp85KA6yw2Va0FLa3Rguvbpa4W3I5xynaBZo41cM3XM+4Q6fRMj3sBYIR1VAmZMXYJvRQ==",
      "requires": {
        "tslib": "^1.9.0"
      },
      "dependencies": {
        "tslib": {
          "version": "1.14.1",
          "resolved": "https://registry.npmjs.org/tslib/-/tslib-1.14.1.tgz",
          "integrity": "sha512-Xni35NKzjgMrwevysHTCArtLDpPvye8zV/0E4EyYn43P7/7qvQwPh9BGkHewbMulVntbigmcT7rdX3BNo9wRJg=="
        }
      }
    },
    "safe-buffer": {
      "version": "5.1.2",
      "resolved": "https://registry.npmjs.org/safe-buffer/-/safe-buffer-5.1.2.tgz",
      "integrity": "sha512-Gd2UZBJDkXlY7GbJxfsE8/nvKkUEU1G38c1siN6QP6a9PT9MmHB8GnpscSmMJSoF8LOIrt8ud/wPtojys4G6+g==",
      "dev": true
    },
    "safer-buffer": {
      "version": "2.1.2",
      "resolved": "https://registry.npmjs.org/safer-buffer/-/safer-buffer-2.1.2.tgz",
      "integrity": "sha512-YZo3K82SD7Riyi0E1EQPojLz7kpepnSQI9IyPbHHg1XXXevb5dJI7tpyN2ADxGcQbHG7vcyRHk0cbwqcQriUtg==",
      "dev": true
    },
    "secure-compare": {
      "version": "3.0.1",
      "resolved": "https://registry.npmjs.org/secure-compare/-/secure-compare-3.0.1.tgz",
      "integrity": "sha1-8aAymzCLIh+uN7mXTz1XjQypmeM=",
      "dev": true
    },
    "side-channel": {
      "version": "1.0.4",
      "resolved": "https://registry.npmjs.org/side-channel/-/side-channel-1.0.4.tgz",
      "integrity": "sha512-q5XPytqFEIKHkGdiMIrY10mvLRvnQh42/+GoBlFW3b2LXLE2xxJpZFdm94we0BaoV3RwJyGqg5wS7epxTv0Zvw==",
      "dev": true,
      "requires": {
        "call-bind": "^1.0.0",
        "get-intrinsic": "^1.0.2",
        "object-inspect": "^1.9.0"
      }
    },
    "spawn-command": {
      "version": "0.0.2-1",
      "resolved": "https://registry.npmjs.org/spawn-command/-/spawn-command-0.0.2-1.tgz",
      "integrity": "sha1-YvXpRmmBwbeW3Fkpk34RycaSG9A="
    },
    "string-width": {
      "version": "4.2.3",
      "resolved": "https://registry.npmjs.org/string-width/-/string-width-4.2.3.tgz",
      "integrity": "sha512-wKyQRQpjJ0sIp62ErSZdGsjMJWsap5oRNihHhu6G7JVO/9jIB6UyevL+tXuOqrng8j/cxKTWyWUwvSTriiZz/g==",
      "requires": {
        "emoji-regex": "^8.0.0",
        "is-fullwidth-code-point": "^3.0.0",
        "strip-ansi": "^6.0.1"
      }
    },
    "strip-ansi": {
      "version": "6.0.1",
      "resolved": "https://registry.npmjs.org/strip-ansi/-/strip-ansi-6.0.1.tgz",
      "integrity": "sha512-Y38VPSHcqkFrCpFnQ9vuSXmquuv5oXOKpGeT6aGrr3o3Gc9AlVa6JBfUSOCnbxGGZF+/0ooI7KrPuUSztUdU5A==",
      "requires": {
        "ansi-regex": "^5.0.1"
      }
    },
    "supports-color": {
      "version": "8.1.1",
      "resolved": "https://registry.npmjs.org/supports-color/-/supports-color-8.1.1.tgz",
      "integrity": "sha512-MpUEN2OodtUzxvKQl72cUF7RQ5EiHsGvSsVG0ia9c5RbWGL2CI4C7EpPS8UTBIplnlzZiNuV56w+FuNxy3ty2Q==",
      "requires": {
        "has-flag": "^4.0.0"
      }
    },
    "tabbable": {
      "version": "5.2.1",
      "resolved": "https://registry.npmjs.org/tabbable/-/tabbable-5.2.1.tgz",
      "integrity": "sha512-40pEZ2mhjaZzK0BnI+QGNjJO8UYx9pP5v7BGe17SORTO0OEuuaAwQTkAp8whcZvqon44wKFOikD+Al11K3JICQ==",
      "dev": true
    },
    "tippy.js": {
      "version": "5.1.2",
      "resolved": "https://registry.npmjs.org/tippy.js/-/tippy.js-5.1.2.tgz",
      "integrity": "sha512-Qtrv2wqbRbaKMUb6bWWBQWPayvcDKNrGlvihxtsyowhT7RLGEh1STWuy6EMXC6QLkfKPB2MLnf8W2mzql9VDAw==",
      "dev": true,
      "requires": {
        "popper.js": "^1.16.0"
      }
    },
    "tree-kill": {
      "version": "1.2.2",
      "resolved": "https://registry.npmjs.org/tree-kill/-/tree-kill-1.2.2.tgz",
      "integrity": "sha512-L0Orpi8qGpRG//Nd+H90vFB+3iHnue1zSSGmNOOCh1GLJ7rUKVwV2HvijphGQS2UmhUZewS9VgvxYIdgr+fG1A=="
    },
    "tslib": {
      "version": "2.3.1",
      "resolved": "https://registry.npmjs.org/tslib/-/tslib-2.3.1.tgz",
      "integrity": "sha512-77EbyPPpMz+FRFRuAFlWMtmgUWGe9UOG2Z25NqCwiIjRhOf5iKGuzSe5P2w1laq+FkRy4p+PCuVkJSGkzTEKVw==",
      "dev": true
    },
    "union": {
      "version": "0.5.0",
      "resolved": "https://registry.npmjs.org/union/-/union-0.5.0.tgz",
      "integrity": "sha512-N6uOhuW6zO95P3Mel2I2zMsbsanvvtgn6jVqJv4vbVcz/JN0OkL9suomjQGmWtxJQXOCqUJvquc1sMeNz/IwlA==",
      "dev": true,
      "requires": {
        "qs": "^6.4.0"
      }
    },
    "url-join": {
      "version": "4.0.1",
      "resolved": "https://registry.npmjs.org/url-join/-/url-join-4.0.1.tgz",
      "integrity": "sha512-jk1+QP6ZJqyOiuEI9AEWQfju/nB2Pw466kbA0LEZljHwKeMgd9WrAEgEGxjPDD2+TNbbb37rTyhEfrCXfuKXnA==",
      "dev": true
    },
    "warning": {
      "version": "4.0.3",
      "resolved": "https://registry.npmjs.org/warning/-/warning-4.0.3.tgz",
      "integrity": "sha512-rpJyN222KWIvHJ/F53XSZv0Zl/accqHR8et1kpaMTD/fLCRxtV8iX8czMzY7sVZupTI3zcUTg8eycS2kNF9l6w==",
      "dev": true,
      "requires": {
        "loose-envify": "^1.0.0"
      }
    },
    "whatwg-encoding": {
      "version": "2.0.0",
      "resolved": "https://registry.npmjs.org/whatwg-encoding/-/whatwg-encoding-2.0.0.tgz",
      "integrity": "sha512-p41ogyeMUrw3jWclHWTQg1k05DSVXPLcVxRTYsXUk+ZooOCZLcoYgPZ/HL/D/N+uQPOtcp1me1WhBEaX02mhWg==",
      "dev": true,
      "requires": {
        "iconv-lite": "0.6.3"
      }
    },
    "wrap-ansi": {
      "version": "7.0.0",
      "resolved": "https://registry.npmjs.org/wrap-ansi/-/wrap-ansi-7.0.0.tgz",
      "integrity": "sha512-YVGIj2kamLSTxw6NsZjoBxfSwsn0ycdesmc4p+Q21c5zPuZ1pl+NfxVdxPtdHvmNVOQ6XSYG4AUtyt/Fi7D16Q==",
      "requires": {
        "ansi-styles": "^4.0.0",
        "string-width": "^4.1.0",
        "strip-ansi": "^6.0.0"
      }
    },
    "y18n": {
      "version": "5.0.8",
      "resolved": "https://registry.npmjs.org/y18n/-/y18n-5.0.8.tgz",
      "integrity": "sha512-0pfFzegeDWJHJIAmTLRP2DwHjdF5s7jo9tuztdQxAhINCdvS+3nGINqPd00AphqJR/0LhANUS6/+7SCb98YOfA=="
    },
    "yargs": {
      "version": "16.2.0",
      "resolved": "https://registry.npmjs.org/yargs/-/yargs-16.2.0.tgz",
      "integrity": "sha512-D1mvvtDG0L5ft/jGWkLpG1+m0eQxOfaBvTNELraWj22wSVUMWxZUvYgJYcKh6jGGIkJFhH4IZPQhR4TKpc8mBw==",
      "requires": {
        "cliui": "^7.0.2",
        "escalade": "^3.1.1",
        "get-caller-file": "^2.0.5",
        "require-directory": "^2.1.1",
        "string-width": "^4.2.0",
        "y18n": "^5.0.5",
        "yargs-parser": "^20.2.2"
      }
    },
    "yargs-parser": {
      "version": "20.2.9",
      "resolved": "https://registry.npmjs.org/yargs-parser/-/yargs-parser-20.2.9.tgz",
      "integrity": "sha512-y11nGElTIV+CT3Zv9t7VKl+Q3hTQoT9a1Qzezhhl6Rp21gJ/IVTW7Z3y9EWXhuUBC2Shnf+DX0antecpAwSP8w=="
    }
  }
}
